// !$*UTF8*$!
{
	archiveVersion = 1;
	classes = {
	};
	objectVersion = 56;
	objects = {

/* Begin PBXBuildFile section */
		4A8E2FFF299D4ED400320382 /* INeedHelpApp.swift in Sources */ = {isa = PBXBuildFile; fileRef = 4A8E2FFE299D4ED400320382 /* INeedHelpApp.swift */; };
		4A8E3003299D4ED500320382 /* Assets.xcassets in Resources */ = {isa = PBXBuildFile; fileRef = 4A8E3002299D4ED500320382 /* Assets.xcassets */; };
		4A8E3006299D4ED500320382 /* Preview Assets.xcassets in Resources */ = {isa = PBXBuildFile; fileRef = 4A8E3005299D4ED500320382 /* Preview Assets.xcassets */; };
		4A8E3010299D4ED500320382 /* INeedHelpTests.swift in Sources */ = {isa = PBXBuildFile; fileRef = 4A8E300F299D4ED500320382 /* INeedHelpTests.swift */; };
		4A8E301A299D4ED500320382 /* INeedHelpUITests.swift in Sources */ = {isa = PBXBuildFile; fileRef = 4A8E3019299D4ED500320382 /* INeedHelpUITests.swift */; };
		4A8E301C299D4ED500320382 /* INeedHelpUITestsLaunchTests.swift in Sources */ = {isa = PBXBuildFile; fileRef = 4A8E301B299D4ED500320382 /* INeedHelpUITestsLaunchTests.swift */; };
		4AA180D929A3D2AA00EEB2E3 /* TabBarUIView.swift in Sources */ = {isa = PBXBuildFile; fileRef = 4AA180D829A3D2AA00EEB2E3 /* TabBarUIView.swift */; };
		4AA180DD29A3D4F600EEB2E3 /* Page2SwiftUIView.swift in Sources */ = {isa = PBXBuildFile; fileRef = 4AA180DC29A3D4F600EEB2E3 /* Page2SwiftUIView.swift */; };
		4AA180DF29A3D74100EEB2E3 /* Page3SwiftUIView.swift in Sources */ = {isa = PBXBuildFile; fileRef = 4AA180DE29A3D74100EEB2E3 /* Page3SwiftUIView.swift */; };
		4AA180E129A3D76900EEB2E3 /* Page1SwiftUIView.swift in Sources */ = {isa = PBXBuildFile; fileRef = 4AA180E029A3D76900EEB2E3 /* Page1SwiftUIView.swift */; };
		4AA180E329A3D77600EEB2E3 /* Page4SwiftUIView.swift in Sources */ = {isa = PBXBuildFile; fileRef = 4AA180E229A3D77600EEB2E3 /* Page4SwiftUIView.swift */; };
		4AA180E529A3D78400EEB2E3 /* Page5SwiftUIView.swift in Sources */ = {isa = PBXBuildFile; fileRef = 4AA180E429A3D78400EEB2E3 /* Page5SwiftUIView.swift */; };
		4AA180E729A3DAAC00EEB2E3 /* ProfileUIView.swift in Sources */ = {isa = PBXBuildFile; fileRef = 4AA180E629A3DAAC00EEB2E3 /* ProfileUIView.swift */; };
		4ABC060E29A4B716009CA9D4 /* SettingsUIView.swift in Sources */ = {isa = PBXBuildFile; fileRef = 4ABC060D29A4B716009CA9D4 /* SettingsUIView.swift */; };
		4ABC061029A4B736009CA9D4 /* CoursesUIView.swift in Sources */ = {isa = PBXBuildFile; fileRef = 4ABC060F29A4B736009CA9D4 /* CoursesUIView.swift */; };
		4ABC061A29A4E59A009CA9D4 /* FavouritesUIView.swift in Sources */ = {isa = PBXBuildFile; fileRef = 4ABC061929A4E59A009CA9D4 /* FavouritesUIView.swift */; };
		4ABC061C29A4E6D2009CA9D4 /* DiscoverUIView.swift in Sources */ = {isa = PBXBuildFile; fileRef = 4ABC061B29A4E6D2009CA9D4 /* DiscoverUIView.swift */; };
		4ABC061E29A4E6E5009CA9D4 /* CategoriesUIView.swift in Sources */ = {isa = PBXBuildFile; fileRef = 4ABC061D29A4E6E5009CA9D4 /* CategoriesUIView.swift */; };
		4ABC062229A5182C009CA9D4 /* SendAFeedbackUIView.swift in Sources */ = {isa = PBXBuildFile; fileRef = 4ABC062129A5182C009CA9D4 /* SendAFeedbackUIView.swift */; };
		4ABC062B29A52976009CA9D4 /* ProfilePhotoUIView.swift in Sources */ = {isa = PBXBuildFile; fileRef = 4ABC062A29A52976009CA9D4 /* ProfilePhotoUIView.swift */; };
		4ABC062E29A52F0E009CA9D4 /* AdvancedOptionsUIView.swift in Sources */ = {isa = PBXBuildFile; fileRef = 4ABC062D29A52F0E009CA9D4 /* AdvancedOptionsUIView.swift */; };
		4ABC063029A5302C009CA9D4 /* RateOurAppUIView.swift in Sources */ = {isa = PBXBuildFile; fileRef = 4ABC062F29A5302C009CA9D4 /* RateOurAppUIView.swift */; };
		4ABC063229A5335D009CA9D4 /* TestUIView.swift in Sources */ = {isa = PBXBuildFile; fileRef = 4ABC063129A5335D009CA9D4 /* TestUIView.swift */; };
		4ABC063629A5383E009CA9D4 /* NewUIView.swift in Sources */ = {isa = PBXBuildFile; fileRef = 4ABC063529A5383E009CA9D4 /* NewUIView.swift */; };
		4ABC063A29A586A2009CA9D4 /* LaunchUIView.swift in Sources */ = {isa = PBXBuildFile; fileRef = 4ABC063929A586A2009CA9D4 /* LaunchUIView.swift */; };
		4AE4B0E229A6701D002641FA /* PostUIView.swift in Sources */ = {isa = PBXBuildFile; fileRef = 4AE4B0E129A6701D002641FA /* PostUIView.swift */; };
		4AE52436299F9D41000BE036 /* GradientBackground.swift in Sources */ = {isa = PBXBuildFile; fileRef = 4AE52435299F9D41000BE036 /* GradientBackground.swift */; };
		4AE52438299F9DA8000BE036 /* LoginViewController.swift in Sources */ = {isa = PBXBuildFile; fileRef = 4AE52437299F9DA8000BE036 /* LoginViewController.swift */; };
		4AE5243A299F9DE0000BE036 /* SignUpViewController.swift in Sources */ = {isa = PBXBuildFile; fileRef = 4AE52439299F9DE0000BE036 /* SignUpViewController.swift */; };
		C308E0D029A7722700F93050 /* CongratulationView.swift in Sources */ = {isa = PBXBuildFile; fileRef = C308E0CF29A7722700F93050 /* CongratulationView.swift */; };
		C3DB13A629A756BE009EEEDC /* CoursesViewController.swift in Sources */ = {isa = PBXBuildFile; fileRef = C3DB13A529A756BE009EEEDC /* CoursesViewController.swift */; };
		C3DB13A829A756E8009EEEDC /* CoursesShopViewControler.swift in Sources */ = {isa = PBXBuildFile; fileRef = C3DB13A729A756E8009EEEDC /* CoursesShopViewControler.swift */; };
/* End PBXBuildFile section */

/* Begin PBXContainerItemProxy section */
		4A8E300C299D4ED500320382 /* PBXContainerItemProxy */ = {
			isa = PBXContainerItemProxy;
			containerPortal = 4A8E2FF3299D4ED400320382 /* Project object */;
			proxyType = 1;
			remoteGlobalIDString = 4A8E2FFA299D4ED400320382;
			remoteInfo = INeedHelp;
		};
		4A8E3016299D4ED500320382 /* PBXContainerItemProxy */ = {
			isa = PBXContainerItemProxy;
			containerPortal = 4A8E2FF3299D4ED400320382 /* Project object */;
			proxyType = 1;
			remoteGlobalIDString = 4A8E2FFA299D4ED400320382;
			remoteInfo = INeedHelp;
		};
/* End PBXContainerItemProxy section */

/* Begin PBXFileReference section */
		4A8E2FFB299D4ED400320382 /* INeedHelp.app */ = {isa = PBXFileReference; explicitFileType = wrapper.application; includeInIndex = 0; path = INeedHelp.app; sourceTree = BUILT_PRODUCTS_DIR; };
		4A8E2FFE299D4ED400320382 /* INeedHelpApp.swift */ = {isa = PBXFileReference; lastKnownFileType = sourcecode.swift; path = INeedHelpApp.swift; sourceTree = "<group>"; };
		4A8E3002299D4ED500320382 /* Assets.xcassets */ = {isa = PBXFileReference; lastKnownFileType = folder.assetcatalog; path = Assets.xcassets; sourceTree = "<group>"; };
		4A8E3005299D4ED500320382 /* Preview Assets.xcassets */ = {isa = PBXFileReference; lastKnownFileType = folder.assetcatalog; path = "Preview Assets.xcassets"; sourceTree = "<group>"; };
		4A8E300B299D4ED500320382 /* INeedHelpTests.xctest */ = {isa = PBXFileReference; explicitFileType = wrapper.cfbundle; includeInIndex = 0; path = INeedHelpTests.xctest; sourceTree = BUILT_PRODUCTS_DIR; };
		4A8E300F299D4ED500320382 /* INeedHelpTests.swift */ = {isa = PBXFileReference; lastKnownFileType = sourcecode.swift; path = INeedHelpTests.swift; sourceTree = "<group>"; };
		4A8E3015299D4ED500320382 /* INeedHelpUITests.xctest */ = {isa = PBXFileReference; explicitFileType = wrapper.cfbundle; includeInIndex = 0; path = INeedHelpUITests.xctest; sourceTree = BUILT_PRODUCTS_DIR; };
		4A8E3019299D4ED500320382 /* INeedHelpUITests.swift */ = {isa = PBXFileReference; lastKnownFileType = sourcecode.swift; path = INeedHelpUITests.swift; sourceTree = "<group>"; };
		4A8E301B299D4ED500320382 /* INeedHelpUITestsLaunchTests.swift */ = {isa = PBXFileReference; lastKnownFileType = sourcecode.swift; path = INeedHelpUITestsLaunchTests.swift; sourceTree = "<group>"; };
		4AA180D829A3D2AA00EEB2E3 /* TabBarUIView.swift */ = {isa = PBXFileReference; lastKnownFileType = sourcecode.swift; path = TabBarUIView.swift; sourceTree = "<group>"; };
		4AA180DC29A3D4F600EEB2E3 /* Page2SwiftUIView.swift */ = {isa = PBXFileReference; lastKnownFileType = sourcecode.swift; path = Page2SwiftUIView.swift; sourceTree = "<group>"; };
		4AA180DE29A3D74100EEB2E3 /* Page3SwiftUIView.swift */ = {isa = PBXFileReference; lastKnownFileType = sourcecode.swift; path = Page3SwiftUIView.swift; sourceTree = "<group>"; };
		4AA180E029A3D76900EEB2E3 /* Page1SwiftUIView.swift */ = {isa = PBXFileReference; lastKnownFileType = sourcecode.swift; path = Page1SwiftUIView.swift; sourceTree = "<group>"; };
		4AA180E229A3D77600EEB2E3 /* Page4SwiftUIView.swift */ = {isa = PBXFileReference; lastKnownFileType = sourcecode.swift; path = Page4SwiftUIView.swift; sourceTree = "<group>"; };
		4AA180E429A3D78400EEB2E3 /* Page5SwiftUIView.swift */ = {isa = PBXFileReference; lastKnownFileType = sourcecode.swift; path = Page5SwiftUIView.swift; sourceTree = "<group>"; };
		4AA180E629A3DAAC00EEB2E3 /* ProfileUIView.swift */ = {isa = PBXFileReference; lastKnownFileType = sourcecode.swift; path = ProfileUIView.swift; sourceTree = "<group>"; };
		4ABC060D29A4B716009CA9D4 /* SettingsUIView.swift */ = {isa = PBXFileReference; lastKnownFileType = sourcecode.swift; path = SettingsUIView.swift; sourceTree = "<group>"; };
		4ABC060F29A4B736009CA9D4 /* CoursesUIView.swift */ = {isa = PBXFileReference; lastKnownFileType = sourcecode.swift; path = CoursesUIView.swift; sourceTree = "<group>"; };
		4ABC061929A4E59A009CA9D4 /* FavouritesUIView.swift */ = {isa = PBXFileReference; lastKnownFileType = sourcecode.swift; path = FavouritesUIView.swift; sourceTree = "<group>"; };
		4ABC061B29A4E6D2009CA9D4 /* DiscoverUIView.swift */ = {isa = PBXFileReference; lastKnownFileType = sourcecode.swift; path = DiscoverUIView.swift; sourceTree = "<group>"; };
		4ABC061D29A4E6E5009CA9D4 /* CategoriesUIView.swift */ = {isa = PBXFileReference; lastKnownFileType = sourcecode.swift; path = CategoriesUIView.swift; sourceTree = "<group>"; };
		4ABC062129A5182C009CA9D4 /* SendAFeedbackUIView.swift */ = {isa = PBXFileReference; lastKnownFileType = sourcecode.swift; path = SendAFeedbackUIView.swift; sourceTree = "<group>"; };
		4ABC062A29A52976009CA9D4 /* ProfilePhotoUIView.swift */ = {isa = PBXFileReference; lastKnownFileType = sourcecode.swift; path = ProfilePhotoUIView.swift; sourceTree = "<group>"; };
		4ABC062D29A52F0E009CA9D4 /* AdvancedOptionsUIView.swift */ = {isa = PBXFileReference; lastKnownFileType = sourcecode.swift; path = AdvancedOptionsUIView.swift; sourceTree = "<group>"; };
		4ABC062F29A5302C009CA9D4 /* RateOurAppUIView.swift */ = {isa = PBXFileReference; lastKnownFileType = sourcecode.swift; path = RateOurAppUIView.swift; sourceTree = "<group>"; };
		4ABC063129A5335D009CA9D4 /* TestUIView.swift */ = {isa = PBXFileReference; lastKnownFileType = sourcecode.swift; path = TestUIView.swift; sourceTree = "<group>"; };
		4ABC063529A5383E009CA9D4 /* NewUIView.swift */ = {isa = PBXFileReference; lastKnownFileType = sourcecode.swift; path = NewUIView.swift; sourceTree = "<group>"; };
		4ABC063929A586A2009CA9D4 /* LaunchUIView.swift */ = {isa = PBXFileReference; lastKnownFileType = sourcecode.swift; path = LaunchUIView.swift; sourceTree = "<group>"; };
		4AE4B0E129A6701D002641FA /* PostUIView.swift */ = {isa = PBXFileReference; lastKnownFileType = sourcecode.swift; path = PostUIView.swift; sourceTree = "<group>"; };
		4AE52435299F9D41000BE036 /* GradientBackground.swift */ = {isa = PBXFileReference; lastKnownFileType = sourcecode.swift; path = GradientBackground.swift; sourceTree = "<group>"; };
		4AE52437299F9DA8000BE036 /* LoginViewController.swift */ = {isa = PBXFileReference; lastKnownFileType = sourcecode.swift; path = LoginViewController.swift; sourceTree = "<group>"; };
		4AE52439299F9DE0000BE036 /* SignUpViewController.swift */ = {isa = PBXFileReference; lastKnownFileType = sourcecode.swift; path = SignUpViewController.swift; sourceTree = "<group>"; };
		C308E0CF29A7722700F93050 /* CongratulationView.swift */ = {isa = PBXFileReference; lastKnownFileType = sourcecode.swift; path = CongratulationView.swift; sourceTree = "<group>"; };
		C3DB13A529A756BE009EEEDC /* CoursesViewController.swift */ = {isa = PBXFileReference; lastKnownFileType = sourcecode.swift; path = CoursesViewController.swift; sourceTree = "<group>"; };
		C3DB13A729A756E8009EEEDC /* CoursesShopViewControler.swift */ = {isa = PBXFileReference; lastKnownFileType = sourcecode.swift; path = CoursesShopViewControler.swift; sourceTree = "<group>"; };
/* End PBXFileReference section */

/* Begin PBXFrameworksBuildPhase section */
		4A8E2FF8299D4ED400320382 /* Frameworks */ = {
			isa = PBXFrameworksBuildPhase;
			buildActionMask = 2147483647;
			files = (
			);
			runOnlyForDeploymentPostprocessing = 0;
		};
		4A8E3008299D4ED500320382 /* Frameworks */ = {
			isa = PBXFrameworksBuildPhase;
			buildActionMask = 2147483647;
			files = (
			);
			runOnlyForDeploymentPostprocessing = 0;
		};
		4A8E3012299D4ED500320382 /* Frameworks */ = {
			isa = PBXFrameworksBuildPhase;
			buildActionMask = 2147483647;
			files = (
			);
			runOnlyForDeploymentPostprocessing = 0;
		};
/* End PBXFrameworksBuildPhase section */

/* Begin PBXGroup section */
		4A8E2FF2299D4ED400320382 = {
			isa = PBXGroup;
			children = (
				4A8E2FFD299D4ED400320382 /* INeedHelp */,
				4A8E300E299D4ED500320382 /* INeedHelpTests */,
				4A8E3018299D4ED500320382 /* INeedHelpUITests */,
				4A8E2FFC299D4ED400320382 /* Products */,
			);
			sourceTree = "<group>";
		};
		4A8E2FFC299D4ED400320382 /* Products */ = {
			isa = PBXGroup;
			children = (
				4A8E2FFB299D4ED400320382 /* INeedHelp.app */,
				4A8E300B299D4ED500320382 /* INeedHelpTests.xctest */,
				4A8E3015299D4ED500320382 /* INeedHelpUITests.xctest */,
			);
			name = Products;
			sourceTree = "<group>";
		};
		4A8E2FFD299D4ED400320382 /* INeedHelp */ = {
			isa = PBXGroup;
			children = (
				4A8E2FFE299D4ED400320382 /* INeedHelpApp.swift */,
				4A8E3002299D4ED500320382 /* Assets.xcassets */,
				4ABC063129A5335D009CA9D4 /* TestUIView.swift */,
				4ABC062429A526ED009CA9D4 /* Basics */,
				4ABC062729A528C1009CA9D4 /* ProfilePage */,
				4ABC062C29A52DBB009CA9D4 /* Selections */,
				4ABC062629A527F2009CA9D4 /* LaunchPages */,
				4ABC062529A527B6009CA9D4 /* SignInForms */,
				4A8E3004299D4ED500320382 /* Preview Content */,
			);
			path = INeedHelp;
			sourceTree = "<group>";
		};
		4A8E3004299D4ED500320382 /* Preview Content */ = {
			isa = PBXGroup;
			children = (
				4A8E3005299D4ED500320382 /* Preview Assets.xcassets */,
			);
			path = "Preview Content";
			sourceTree = "<group>";
		};
		4A8E300E299D4ED500320382 /* INeedHelpTests */ = {
			isa = PBXGroup;
			children = (
				4A8E300F299D4ED500320382 /* INeedHelpTests.swift */,
			);
			path = INeedHelpTests;
			sourceTree = "<group>";
		};
		4A8E3018299D4ED500320382 /* INeedHelpUITests */ = {
			isa = PBXGroup;
			children = (
				4A8E3019299D4ED500320382 /* INeedHelpUITests.swift */,
				4A8E301B299D4ED500320382 /* INeedHelpUITestsLaunchTests.swift */,
			);
			path = INeedHelpUITests;
			sourceTree = "<group>";
		};
		4ABC062429A526ED009CA9D4 /* Basics */ = {
			isa = PBXGroup;
			children = (
				4AE4B0E129A6701D002641FA /* PostUIView.swift */,
				4AE52435299F9D41000BE036 /* GradientBackground.swift */,
				4ABC063929A586A2009CA9D4 /* LaunchUIView.swift */,
				4AA180D829A3D2AA00EEB2E3 /* TabBarUIView.swift */,
			);
			path = Basics;
			sourceTree = "<group>";
		};
		4ABC062529A527B6009CA9D4 /* SignInForms */ = {
			isa = PBXGroup;
			children = (
				4AE52437299F9DA8000BE036 /* LoginViewController.swift */,
				4AE52439299F9DE0000BE036 /* SignUpViewController.swift */,
				C308E0CF29A7722700F93050 /* CongratulationView.swift */,
			);
			path = SignInForms;
			sourceTree = "<group>";
		};
		4ABC062629A527F2009CA9D4 /* LaunchPages */ = {
			isa = PBXGroup;
			children = (
				4AA180E029A3D76900EEB2E3 /* Page1SwiftUIView.swift */,
				4AA180DC29A3D4F600EEB2E3 /* Page2SwiftUIView.swift */,
				4AA180DE29A3D74100EEB2E3 /* Page3SwiftUIView.swift */,
				4AA180E229A3D77600EEB2E3 /* Page4SwiftUIView.swift */,
				4AA180E429A3D78400EEB2E3 /* Page5SwiftUIView.swift */,
			);
			path = LaunchPages;
			sourceTree = "<group>";
		};
		4ABC062729A528C1009CA9D4 /* ProfilePage */ = {
			isa = PBXGroup;
			children = (
				4AA180E629A3DAAC00EEB2E3 /* ProfileUIView.swift */,
				4ABC061929A4E59A009CA9D4 /* FavouritesUIView.swift */,
				C3DB13A529A756BE009EEEDC /* CoursesViewController.swift */,
				C3DB13A729A756E8009EEEDC /* CoursesShopViewControler.swift */,
				4ABC060D29A4B716009CA9D4 /* SettingsUIView.swift */,
				4ABC062829A528D4009CA9D4 /* Settings */,
			);
			path = ProfilePage;
			sourceTree = "<group>";
		};
		4ABC062829A528D4009CA9D4 /* Settings */ = {
			isa = PBXGroup;
			children = (
				4ABC062129A5182C009CA9D4 /* SendAFeedbackUIView.swift */,
				4ABC062A29A52976009CA9D4 /* ProfilePhotoUIView.swift */,
				4ABC062D29A52F0E009CA9D4 /* AdvancedOptionsUIView.swift */,
				4ABC062F29A5302C009CA9D4 /* RateOurAppUIView.swift */,
				4ABC062929A528DF009CA9D4 /* AdvancedSettings */,
			);
			path = Settings;
			sourceTree = "<group>";
		};
		4ABC062929A528DF009CA9D4 /* AdvancedSettings */ = {
			isa = PBXGroup;
			children = (
			);
			path = AdvancedSettings;
			sourceTree = "<group>";
		};
		4ABC062C29A52DBB009CA9D4 /* Selections */ = {
			isa = PBXGroup;
			children = (
				4ABC061B29A4E6D2009CA9D4 /* DiscoverUIView.swift */,
				4ABC063529A5383E009CA9D4 /* NewUIView.swift */,
				4ABC060F29A4B736009CA9D4 /* CoursesUIView.swift */,
				4ABC061D29A4E6E5009CA9D4 /* CategoriesUIView.swift */,
			);
			path = Selections;
			sourceTree = "<group>";
		};
/* End PBXGroup section */

/* Begin PBXNativeTarget section */
		4A8E2FFA299D4ED400320382 /* INeedHelp */ = {
			isa = PBXNativeTarget;
			buildConfigurationList = 4A8E301F299D4ED500320382 /* Build configuration list for PBXNativeTarget "INeedHelp" */;
			buildPhases = (
				4A8E2FF7299D4ED400320382 /* Sources */,
				4A8E2FF8299D4ED400320382 /* Frameworks */,
				4A8E2FF9299D4ED400320382 /* Resources */,
			);
			buildRules = (
			);
			dependencies = (
			);
			name = INeedHelp;
			productName = INeedHelp;
			productReference = 4A8E2FFB299D4ED400320382 /* INeedHelp.app */;
			productType = "com.apple.product-type.application";
		};
		4A8E300A299D4ED500320382 /* INeedHelpTests */ = {
			isa = PBXNativeTarget;
			buildConfigurationList = 4A8E3022299D4ED500320382 /* Build configuration list for PBXNativeTarget "INeedHelpTests" */;
			buildPhases = (
				4A8E3007299D4ED500320382 /* Sources */,
				4A8E3008299D4ED500320382 /* Frameworks */,
				4A8E3009299D4ED500320382 /* Resources */,
			);
			buildRules = (
			);
			dependencies = (
				4A8E300D299D4ED500320382 /* PBXTargetDependency */,
			);
			name = INeedHelpTests;
			productName = INeedHelpTests;
			productReference = 4A8E300B299D4ED500320382 /* INeedHelpTests.xctest */;
			productType = "com.apple.product-type.bundle.unit-test";
		};
		4A8E3014299D4ED500320382 /* INeedHelpUITests */ = {
			isa = PBXNativeTarget;
			buildConfigurationList = 4A8E3025299D4ED500320382 /* Build configuration list for PBXNativeTarget "INeedHelpUITests" */;
			buildPhases = (
				4A8E3011299D4ED500320382 /* Sources */,
				4A8E3012299D4ED500320382 /* Frameworks */,
				4A8E3013299D4ED500320382 /* Resources */,
			);
			buildRules = (
			);
			dependencies = (
				4A8E3017299D4ED500320382 /* PBXTargetDependency */,
			);
			name = INeedHelpUITests;
			productName = INeedHelpUITests;
			productReference = 4A8E3015299D4ED500320382 /* INeedHelpUITests.xctest */;
			productType = "com.apple.product-type.bundle.ui-testing";
		};
/* End PBXNativeTarget section */

/* Begin PBXProject section */
		4A8E2FF3299D4ED400320382 /* Project object */ = {
			isa = PBXProject;
			attributes = {
				BuildIndependentTargetsInParallel = 1;
				LastSwiftUpdateCheck = 1420;
				LastUpgradeCheck = 1420;
				TargetAttributes = {
					4A8E2FFA299D4ED400320382 = {
						CreatedOnToolsVersion = 14.2;
					};
					4A8E300A299D4ED500320382 = {
						CreatedOnToolsVersion = 14.2;
						TestTargetID = 4A8E2FFA299D4ED400320382;
					};
					4A8E3014299D4ED500320382 = {
						CreatedOnToolsVersion = 14.2;
						TestTargetID = 4A8E2FFA299D4ED400320382;
					};
				};
			};
			buildConfigurationList = 4A8E2FF6299D4ED400320382 /* Build configuration list for PBXProject "INeedHelp" */;
			compatibilityVersion = "Xcode 14.0";
			developmentRegion = en;
			hasScannedForEncodings = 0;
			knownRegions = (
				en,
				Base,
			);
			mainGroup = 4A8E2FF2299D4ED400320382;
			productRefGroup = 4A8E2FFC299D4ED400320382 /* Products */;
			projectDirPath = "";
			projectRoot = "";
			targets = (
				4A8E2FFA299D4ED400320382 /* INeedHelp */,
				4A8E300A299D4ED500320382 /* INeedHelpTests */,
				4A8E3014299D4ED500320382 /* INeedHelpUITests */,
			);
		};
/* End PBXProject section */

/* Begin PBXResourcesBuildPhase section */
		4A8E2FF9299D4ED400320382 /* Resources */ = {
			isa = PBXResourcesBuildPhase;
			buildActionMask = 2147483647;
			files = (
				4A8E3006299D4ED500320382 /* Preview Assets.xcassets in Resources */,
				4A8E3003299D4ED500320382 /* Assets.xcassets in Resources */,
			);
			runOnlyForDeploymentPostprocessing = 0;
		};
		4A8E3009299D4ED500320382 /* Resources */ = {
			isa = PBXResourcesBuildPhase;
			buildActionMask = 2147483647;
			files = (
			);
			runOnlyForDeploymentPostprocessing = 0;
		};
		4A8E3013299D4ED500320382 /* Resources */ = {
			isa = PBXResourcesBuildPhase;
			buildActionMask = 2147483647;
			files = (
			);
			runOnlyForDeploymentPostprocessing = 0;
		};
/* End PBXResourcesBuildPhase section */

/* Begin PBXSourcesBuildPhase section */
		4A8E2FF7299D4ED400320382 /* Sources */ = {
			isa = PBXSourcesBuildPhase;
			buildActionMask = 2147483647;
			files = (
				C3DB13A829A756E8009EEEDC /* CoursesShopViewControler.swift in Sources */,
				C308E0D029A7722700F93050 /* CongratulationView.swift in Sources */,
				4ABC061E29A4E6E5009CA9D4 /* CategoriesUIView.swift in Sources */,
				4ABC063029A5302C009CA9D4 /* RateOurAppUIView.swift in Sources */,
				4AE4B0E229A6701D002641FA /* PostUIView.swift in Sources */,
				4ABC063A29A586A2009CA9D4 /* LaunchUIView.swift in Sources */,
				C3DB13A629A756BE009EEEDC /* CoursesViewController.swift in Sources */,
				4ABC062E29A52F0E009CA9D4 /* AdvancedOptionsUIView.swift in Sources */,
				4AA180E329A3D77600EEB2E3 /* Page4SwiftUIView.swift in Sources */,
				4ABC062B29A52976009CA9D4 /* ProfilePhotoUIView.swift in Sources */,
				4ABC061029A4B736009CA9D4 /* CoursesUIView.swift in Sources */,
				4AE52438299F9DA8000BE036 /* LoginViewController.swift in Sources */,
				4A8E2FFF299D4ED400320382 /* INeedHelpApp.swift in Sources */,
				4AE52436299F9D41000BE036 /* GradientBackground.swift in Sources */,
				4ABC063629A5383E009CA9D4 /* NewUIView.swift in Sources */,
				4AA180D929A3D2AA00EEB2E3 /* TabBarUIView.swift in Sources */,
				4ABC062229A5182C009CA9D4 /* SendAFeedbackUIView.swift in Sources */,
				4AA180E729A3DAAC00EEB2E3 /* ProfileUIView.swift in Sources */,
				4ABC061C29A4E6D2009CA9D4 /* DiscoverUIView.swift in Sources */,
				4AA180DD29A3D4F600EEB2E3 /* Page2SwiftUIView.swift in Sources */,
				4AA180E529A3D78400EEB2E3 /* Page5SwiftUIView.swift in Sources */,
				4AE5243A299F9DE0000BE036 /* SignUpViewController.swift in Sources */,
				4ABC060E29A4B716009CA9D4 /* SettingsUIView.swift in Sources */,
				4AA180E129A3D76900EEB2E3 /* Page1SwiftUIView.swift in Sources */,
				4ABC063229A5335D009CA9D4 /* TestUIView.swift in Sources */,
				4ABC061A29A4E59A009CA9D4 /* FavouritesUIView.swift in Sources */,
				4AA180DF29A3D74100EEB2E3 /* Page3SwiftUIView.swift in Sources */,
			);
			runOnlyForDeploymentPostprocessing = 0;
		};
		4A8E3007299D4ED500320382 /* Sources */ = {
			isa = PBXSourcesBuildPhase;
			buildActionMask = 2147483647;
			files = (
				4A8E3010299D4ED500320382 /* INeedHelpTests.swift in Sources */,
			);
			runOnlyForDeploymentPostprocessing = 0;
		};
		4A8E3011299D4ED500320382 /* Sources */ = {
			isa = PBXSourcesBuildPhase;
			buildActionMask = 2147483647;
			files = (
				4A8E301A299D4ED500320382 /* INeedHelpUITests.swift in Sources */,
				4A8E301C299D4ED500320382 /* INeedHelpUITestsLaunchTests.swift in Sources */,
			);
			runOnlyForDeploymentPostprocessing = 0;
		};
/* End PBXSourcesBuildPhase section */

/* Begin PBXTargetDependency section */
		4A8E300D299D4ED500320382 /* PBXTargetDependency */ = {
			isa = PBXTargetDependency;
			target = 4A8E2FFA299D4ED400320382 /* INeedHelp */;
			targetProxy = 4A8E300C299D4ED500320382 /* PBXContainerItemProxy */;
		};
		4A8E3017299D4ED500320382 /* PBXTargetDependency */ = {
			isa = PBXTargetDependency;
			target = 4A8E2FFA299D4ED400320382 /* INeedHelp */;
			targetProxy = 4A8E3016299D4ED500320382 /* PBXContainerItemProxy */;
		};
/* End PBXTargetDependency section */

/* Begin XCBuildConfiguration section */
		4A8E301D299D4ED500320382 /* Debug */ = {
			isa = XCBuildConfiguration;
			buildSettings = {
				ALWAYS_SEARCH_USER_PATHS = NO;
				CLANG_ANALYZER_NONNULL = YES;
				CLANG_ANALYZER_NUMBER_OBJECT_CONVERSION = YES_AGGRESSIVE;
				CLANG_CXX_LANGUAGE_STANDARD = "gnu++20";
				CLANG_ENABLE_MODULES = YES;
				CLANG_ENABLE_OBJC_ARC = YES;
				CLANG_ENABLE_OBJC_WEAK = YES;
				CLANG_WARN_BLOCK_CAPTURE_AUTORELEASING = YES;
				CLANG_WARN_BOOL_CONVERSION = YES;
				CLANG_WARN_COMMA = YES;
				CLANG_WARN_CONSTANT_CONVERSION = YES;
				CLANG_WARN_DEPRECATED_OBJC_IMPLEMENTATIONS = YES;
				CLANG_WARN_DIRECT_OBJC_ISA_USAGE = YES_ERROR;
				CLANG_WARN_DOCUMENTATION_COMMENTS = YES;
				CLANG_WARN_EMPTY_BODY = YES;
				CLANG_WARN_ENUM_CONVERSION = YES;
				CLANG_WARN_INFINITE_RECURSION = YES;
				CLANG_WARN_INT_CONVERSION = YES;
				CLANG_WARN_NON_LITERAL_NULL_CONVERSION = YES;
				CLANG_WARN_OBJC_IMPLICIT_RETAIN_SELF = YES;
				CLANG_WARN_OBJC_LITERAL_CONVERSION = YES;
				CLANG_WARN_OBJC_ROOT_CLASS = YES_ERROR;
				CLANG_WARN_QUOTED_INCLUDE_IN_FRAMEWORK_HEADER = YES;
				CLANG_WARN_RANGE_LOOP_ANALYSIS = YES;
				CLANG_WARN_STRICT_PROTOTYPES = YES;
				CLANG_WARN_SUSPICIOUS_MOVE = YES;
				CLANG_WARN_UNGUARDED_AVAILABILITY = YES_AGGRESSIVE;
				CLANG_WARN_UNREACHABLE_CODE = YES;
				CLANG_WARN__DUPLICATE_METHOD_MATCH = YES;
				COPY_PHASE_STRIP = NO;
				DEBUG_INFORMATION_FORMAT = dwarf;
				ENABLE_STRICT_OBJC_MSGSEND = YES;
				ENABLE_TESTABILITY = YES;
				GCC_C_LANGUAGE_STANDARD = gnu11;
				GCC_DYNAMIC_NO_PIC = NO;
				GCC_NO_COMMON_BLOCKS = YES;
				GCC_OPTIMIZATION_LEVEL = 0;
				GCC_PREPROCESSOR_DEFINITIONS = (
					"DEBUG=1",
					"$(inherited)",
				);
				GCC_WARN_64_TO_32_BIT_CONVERSION = YES;
				GCC_WARN_ABOUT_RETURN_TYPE = YES_ERROR;
				GCC_WARN_UNDECLARED_SELECTOR = YES;
				GCC_WARN_UNINITIALIZED_AUTOS = YES_AGGRESSIVE;
				GCC_WARN_UNUSED_FUNCTION = YES;
				GCC_WARN_UNUSED_VARIABLE = YES;
				IPHONEOS_DEPLOYMENT_TARGET = 16.0;
				MTL_ENABLE_DEBUG_INFO = INCLUDE_SOURCE;
				MTL_FAST_MATH = YES;
				ONLY_ACTIVE_ARCH = YES;
				SDKROOT = iphoneos;
				SWIFT_ACTIVE_COMPILATION_CONDITIONS = DEBUG;
				SWIFT_OPTIMIZATION_LEVEL = "-Onone";
			};
			name = Debug;
		};
		4A8E301E299D4ED500320382 /* Release */ = {
			isa = XCBuildConfiguration;
			buildSettings = {
				ALWAYS_SEARCH_USER_PATHS = NO;
				CLANG_ANALYZER_NONNULL = YES;
				CLANG_ANALYZER_NUMBER_OBJECT_CONVERSION = YES_AGGRESSIVE;
				CLANG_CXX_LANGUAGE_STANDARD = "gnu++20";
				CLANG_ENABLE_MODULES = YES;
				CLANG_ENABLE_OBJC_ARC = YES;
				CLANG_ENABLE_OBJC_WEAK = YES;
				CLANG_WARN_BLOCK_CAPTURE_AUTORELEASING = YES;
				CLANG_WARN_BOOL_CONVERSION = YES;
				CLANG_WARN_COMMA = YES;
				CLANG_WARN_CONSTANT_CONVERSION = YES;
				CLANG_WARN_DEPRECATED_OBJC_IMPLEMENTATIONS = YES;
				CLANG_WARN_DIRECT_OBJC_ISA_USAGE = YES_ERROR;
				CLANG_WARN_DOCUMENTATION_COMMENTS = YES;
				CLANG_WARN_EMPTY_BODY = YES;
				CLANG_WARN_ENUM_CONVERSION = YES;
				CLANG_WARN_INFINITE_RECURSION = YES;
				CLANG_WARN_INT_CONVERSION = YES;
				CLANG_WARN_NON_LITERAL_NULL_CONVERSION = YES;
				CLANG_WARN_OBJC_IMPLICIT_RETAIN_SELF = YES;
				CLANG_WARN_OBJC_LITERAL_CONVERSION = YES;
				CLANG_WARN_OBJC_ROOT_CLASS = YES_ERROR;
				CLANG_WARN_QUOTED_INCLUDE_IN_FRAMEWORK_HEADER = YES;
				CLANG_WARN_RANGE_LOOP_ANALYSIS = YES;
				CLANG_WARN_STRICT_PROTOTYPES = YES;
				CLANG_WARN_SUSPICIOUS_MOVE = YES;
				CLANG_WARN_UNGUARDED_AVAILABILITY = YES_AGGRESSIVE;
				CLANG_WARN_UNREACHABLE_CODE = YES;
				CLANG_WARN__DUPLICATE_METHOD_MATCH = YES;
				COPY_PHASE_STRIP = NO;
				DEBUG_INFORMATION_FORMAT = "dwarf-with-dsym";
				ENABLE_NS_ASSERTIONS = NO;
				ENABLE_STRICT_OBJC_MSGSEND = YES;
				GCC_C_LANGUAGE_STANDARD = gnu11;
				GCC_NO_COMMON_BLOCKS = YES;
				GCC_WARN_64_TO_32_BIT_CONVERSION = YES;
				GCC_WARN_ABOUT_RETURN_TYPE = YES_ERROR;
				GCC_WARN_UNDECLARED_SELECTOR = YES;
				GCC_WARN_UNINITIALIZED_AUTOS = YES_AGGRESSIVE;
				GCC_WARN_UNUSED_FUNCTION = YES;
				GCC_WARN_UNUSED_VARIABLE = YES;
				IPHONEOS_DEPLOYMENT_TARGET = 16.0;
				MTL_ENABLE_DEBUG_INFO = NO;
				MTL_FAST_MATH = YES;
				SDKROOT = iphoneos;
				SWIFT_COMPILATION_MODE = wholemodule;
				SWIFT_OPTIMIZATION_LEVEL = "-O";
				VALIDATE_PRODUCT = YES;
			};
			name = Release;
		};
		4A8E3020299D4ED500320382 /* Debug */ = {
			isa = XCBuildConfiguration;
			buildSettings = {
				ASSETCATALOG_COMPILER_APPICON_NAME = AppIcon;
				ASSETCATALOG_COMPILER_GLOBAL_ACCENT_COLOR_NAME = AccentColor;
				CODE_SIGN_STYLE = Automatic;
				CURRENT_PROJECT_VERSION = 1;
				DEVELOPMENT_ASSET_PATHS = "\"INeedHelp/Preview Content\"";
				DEVELOPMENT_TEAM = TNB32BXJHQ;
				ENABLE_PREVIEWS = YES;
				GENERATE_INFOPLIST_FILE = YES;
				INFOPLIST_KEY_CFBundleDisplayName = INeedHelp;
				INFOPLIST_KEY_LSApplicationCategoryType = "public.app-category.education";
				INFOPLIST_KEY_UIApplicationSceneManifest_Generation = YES;
				INFOPLIST_KEY_UIApplicationSupportsIndirectInputEvents = YES;
				INFOPLIST_KEY_UILaunchScreen_Generation = YES;
				INFOPLIST_KEY_UISupportedInterfaceOrientations_iPad = "UIInterfaceOrientationPortrait UIInterfaceOrientationPortraitUpsideDown UIInterfaceOrientationLandscapeLeft UIInterfaceOrientationLandscapeRight";
				INFOPLIST_KEY_UISupportedInterfaceOrientations_iPhone = "UIInterfaceOrientationPortrait UIInterfaceOrientationLandscapeLeft UIInterfaceOrientationLandscapeRight";
				LD_RUNPATH_SEARCH_PATHS = (
					"$(inherited)",
					"@executable_path/Frameworks",
				);
				MARKETING_VERSION = 1.0;
				PRODUCT_BUNDLE_IDENTIFIER = Ettore.INeedHelp;
				PRODUCT_NAME = "$(TARGET_NAME)";
				SWIFT_EMIT_LOC_STRINGS = YES;
				SWIFT_VERSION = 5.0;
				TARGETED_DEVICE_FAMILY = "1,2";
			};
			name = Debug;
		};
		4A8E3021299D4ED500320382 /* Release */ = {
			isa = XCBuildConfiguration;
			buildSettings = {
				ASSETCATALOG_COMPILER_APPICON_NAME = AppIcon;
				ASSETCATALOG_COMPILER_GLOBAL_ACCENT_COLOR_NAME = AccentColor;
				CODE_SIGN_STYLE = Automatic;
				CURRENT_PROJECT_VERSION = 1;
				DEVELOPMENT_ASSET_PATHS = "\"INeedHelp/Preview Content\"";
				DEVELOPMENT_TEAM = TNB32BXJHQ;
				ENABLE_PREVIEWS = YES;
				GENERATE_INFOPLIST_FILE = YES;
				INFOPLIST_KEY_CFBundleDisplayName = INeedHelp;
				INFOPLIST_KEY_LSApplicationCategoryType = "public.app-category.education";
				INFOPLIST_KEY_UIApplicationSceneManifest_Generation = YES;
				INFOPLIST_KEY_UIApplicationSupportsIndirectInputEvents = YES;
				INFOPLIST_KEY_UILaunchScreen_Generation = YES;
				INFOPLIST_KEY_UISupportedInterfaceOrientations_iPad = "UIInterfaceOrientationPortrait UIInterfaceOrientationPortraitUpsideDown UIInterfaceOrientationLandscapeLeft UIInterfaceOrientationLandscapeRight";
				INFOPLIST_KEY_UISupportedInterfaceOrientations_iPhone = "UIInterfaceOrientationPortrait UIInterfaceOrientationLandscapeLeft UIInterfaceOrientationLandscapeRight";
				LD_RUNPATH_SEARCH_PATHS = (
					"$(inherited)",
					"@executable_path/Frameworks",
				);
				MARKETING_VERSION = 1.0;
				PRODUCT_BUNDLE_IDENTIFIER = Ettore.INeedHelp;
				PRODUCT_NAME = "$(TARGET_NAME)";
				SWIFT_EMIT_LOC_STRINGS = YES;
				SWIFT_VERSION = 5.0;
				TARGETED_DEVICE_FAMILY = "1,2";
			};
			name = Release;
		};
		4A8E3023299D4ED500320382 /* Debug */ = {
			isa = XCBuildConfiguration;
			buildSettings = {
				ALWAYS_EMBED_SWIFT_STANDARD_LIBRARIES = YES;
				BUNDLE_LOADER = "$(TEST_HOST)";
				CODE_SIGN_STYLE = Automatic;
				CURRENT_PROJECT_VERSION = 1;
				DEVELOPMENT_TEAM = TNB32BXJHQ;
				GENERATE_INFOPLIST_FILE = YES;
				IPHONEOS_DEPLOYMENT_TARGET = 16.2;
				MARKETING_VERSION = 1.0;
				PRODUCT_BUNDLE_IDENTIFIER = Ettore.INeedHelpTests;
				PRODUCT_NAME = "$(TARGET_NAME)";
				SWIFT_EMIT_LOC_STRINGS = NO;
				SWIFT_VERSION = 5.0;
				TARGETED_DEVICE_FAMILY = "1,2";
				TEST_HOST = "$(BUILT_PRODUCTS_DIR)/INeedHelp.app/$(BUNDLE_EXECUTABLE_FOLDER_PATH)/INeedHelp";
			};
			name = Debug;
		};
		4A8E3024299D4ED500320382 /* Release */ = {
			isa = XCBuildConfiguration;
			buildSettings = {
				ALWAYS_EMBED_SWIFT_STANDARD_LIBRARIES = YES;
				BUNDLE_LOADER = "$(TEST_HOST)";
				CODE_SIGN_STYLE = Automatic;
				CURRENT_PROJECT_VERSION = 1;
				DEVELOPMENT_TEAM = TNB32BXJHQ;
				GENERATE_INFOPLIST_FILE = YES;
				IPHONEOS_DEPLOYMENT_TARGET = 16.2;
				MARKETING_VERSION = 1.0;
				PRODUCT_BUNDLE_IDENTIFIER = Ettore.INeedHelpTests;
				PRODUCT_NAME = "$(TARGET_NAME)";
				SWIFT_EMIT_LOC_STRINGS = NO;
				SWIFT_VERSION = 5.0;
				TARGETED_DEVICE_FAMILY = "1,2";
				TEST_HOST = "$(BUILT_PRODUCTS_DIR)/INeedHelp.app/$(BUNDLE_EXECUTABLE_FOLDER_PATH)/INeedHelp";
			};
			name = Release;
		};
		4A8E3026299D4ED500320382 /* Debug */ = {
			isa = XCBuildConfiguration;
			buildSettings = {
				ALWAYS_EMBED_SWIFT_STANDARD_LIBRARIES = YES;
				CODE_SIGN_STYLE = Automatic;
				CURRENT_PROJECT_VERSION = 1;
				DEVELOPMENT_TEAM = TNB32BXJHQ;
				GENERATE_INFOPLIST_FILE = YES;
				MARKETING_VERSION = 1.0;
				PRODUCT_BUNDLE_IDENTIFIER = Ettore.INeedHelpUITests;
				PRODUCT_NAME = "$(TARGET_NAME)";
				SWIFT_EMIT_LOC_STRINGS = NO;
				SWIFT_VERSION = 5.0;
				TARGETED_DEVICE_FAMILY = "1,2";
				TEST_TARGET_NAME = INeedHelp;
			};
			name = Debug;
		};
		4A8E3027299D4ED500320382 /* Release */ = {
			isa = XCBuildConfiguration;
			buildSettings = {
				ALWAYS_EMBED_SWIFT_STANDARD_LIBRARIES = YES;
				CODE_SIGN_STYLE = Automatic;
				CURRENT_PROJECT_VERSION = 1;
				DEVELOPMENT_TEAM = TNB32BXJHQ;
				GENERATE_INFOPLIST_FILE = YES;
				MARKETING_VERSION = 1.0;
				PRODUCT_BUNDLE_IDENTIFIER = Ettore.INeedHelpUITests;
				PRODUCT_NAME = "$(TARGET_NAME)";
				SWIFT_EMIT_LOC_STRINGS = NO;
				SWIFT_VERSION = 5.0;
				TARGETED_DEVICE_FAMILY = "1,2";
				TEST_TARGET_NAME = INeedHelp;
			};
			name = Release;
		};
/* End XCBuildConfiguration section */

/* Begin XCConfigurationList section */
		4A8E2FF6299D4ED400320382 /* Build configuration list for PBXProject "INeedHelp" */ = {
			isa = XCConfigurationList;
			buildConfigurations = (
				4A8E301D299D4ED500320382 /* Debug */,
				4A8E301E299D4ED500320382 /* Release */,
			);
			defaultConfigurationIsVisible = 0;
			defaultConfigurationName = Release;
		};
		4A8E301F299D4ED500320382 /* Build configuration list for PBXNativeTarget "INeedHelp" */ = {
			isa = XCConfigurationList;
			buildConfigurations = (
				4A8E3020299D4ED500320382 /* Debug */,
				4A8E3021299D4ED500320382 /* Release */,
			);
			defaultConfigurationIsVisible = 0;
			defaultConfigurationName = Release;
		};
		4A8E3022299D4ED500320382 /* Build configuration list for PBXNativeTarget "INeedHelpTests" */ = {
			isa = XCConfigurationList;
			buildConfigurations = (
				4A8E3023299D4ED500320382 /* Debug */,
				4A8E3024299D4ED500320382 /* Release */,
			);
			defaultConfigurationIsVisible = 0;
			defaultConfigurationName = Release;
		};
		4A8E3025299D4ED500320382 /* Build configuration list for PBXNativeTarget "INeedHelpUITests" */ = {
			isa = XCConfigurationList;
			buildConfigurations = (
				4A8E3026299D4ED500320382 /* Debug */,
				4A8E3027299D4ED500320382 /* Release */,
			);
			defaultConfigurationIsVisible = 0;
			defaultConfigurationName = Release;
		};
/* End XCConfigurationList section */
	};
	rootObject = 4A8E2FF3299D4ED400320382 /* Project object */;
}
